
Microsoft Visual Studio Solution File, Format Version 12.00
# Visual Studio 14
VisualStudioVersion = 14.0.25420.1
MinimumVisualStudioVersion = 10.0.40219.1
Project("{FAE04EC0-301F-11D3-BF4B-00C04F79EFBC}") = "Nexus.ParticipantLibrary.Api", "Api\Nexus.ParticipantLibrary.Api.csproj", "{D0608DDF-2351-48F8-972F-8589D07A3E17}"
EndProject
Project("{2150E333-8FDC-42A3-9474-1A3956D46DE8}") = "Tests", "Tests", "{E2A0A819-5C1D-4F4B-8456-3F8E63774115}"
EndProject
Project("{2150E333-8FDC-42A3-9474-1A3956D46DE8}") = "App", "App", "{705C8F77-A5CF-46C9-851A-C10F6893ABAC}"
EndProject
Project("{FAE04EC0-301F-11D3-BF4B-00C04F79EFBC}") = "Nexus.ParticipantLibrary.Middleware", "Middleware\Nexus.ParticipantLibrary.Middleware.csproj", "{13598D03-7E66-446D-946D-301F37B754D3}"
EndProject
Project("{FAE04EC0-301F-11D3-BF4B-00C04F79EFBC}") = "Nexus.ParticipantLibrary.UnitTests", "Tests\Nexus.ParticipantLibrary.UnitTests\Nexus.ParticipantLibrary.UnitTests.csproj", "{EB6DC9A3-7CBA-4645-A4DA-C6D5FA50F790}"
EndProject
Project("{FAE04EC0-301F-11D3-BF4B-00C04F79EFBC}") = "Nexus.ParticipantLibrary.Data", "Nexus.ParticipantLibrary.Data\Nexus.ParticipantLibrary.Data.csproj", "{E98E46B9-243F-4E2F-8103-C22B69E52312}"
EndProject
Project("{FAE04EC0-301F-11D3-BF4B-00C04F79EFBC}") = "Nexus.ParticipantLibrary.Core", "Nexus.ParticipantLibrary.Core\Nexus.ParticipantLibrary.Core.csproj", "{DB59E527-8E4F-41D8-AC1D-C40B3AC018A9}"
EndProject
Project("{FAE04EC0-301F-11D3-BF4B-00C04F79EFBC}") = "Nexus.ParticipantLibrary.ApiContract", "Nexus.ParticipantLibrary.ApiContract\Nexus.ParticipantLibrary.ApiContract.csproj", "{377AF48E-1AD9-480E-9CB3-EB6BC455CC1F}"
EndProject
Project("{FAE04EC0-301F-11D3-BF4B-00C04F79EFBC}") = "Nexus.ParticipantLibrary.Messages", "Nexus.ParticipantLibrary.Messages\Nexus.ParticipantLibrary.Messages.csproj", "{58D23596-2D35-4D78-B595-C067BD85FB3A}"
EndProject
Global
	GlobalSection(SolutionConfigurationPlatforms) = preSolution
		Debug|Any CPU = Debug|Any CPU
		Release|Any CPU = Release|Any CPU
	EndGlobalSection
	GlobalSection(ProjectConfigurationPlatforms) = postSolution
		{D0608DDF-2351-48F8-972F-8589D07A3E17}.Debug|Any CPU.ActiveCfg = Debug|Any CPU
		{D0608DDF-2351-48F8-972F-8589D07A3E17}.Debug|Any CPU.Build.0 = Debug|Any CPU
		{D0608DDF-2351-48F8-972F-8589D07A3E17}.Release|Any CPU.ActiveCfg = Release|Any CPU
		{D0608DDF-2351-48F8-972F-8589D07A3E17}.Release|Any CPU.Build.0 = Release|Any CPU
		{13598D03-7E66-446D-946D-301F37B754D3}.Debug|Any CPU.ActiveCfg = Debug|Any CPU
		{13598D03-7E66-446D-946D-301F37B754D3}.Debug|Any CPU.Build.0 = Debug|Any CPU
		{13598D03-7E66-446D-946D-301F37B754D3}.Release|Any CPU.ActiveCfg = Release|Any CPU
		{13598D03-7E66-446D-946D-301F37B754D3}.Release|Any CPU.Build.0 = Release|Any CPU
		{EB6DC9A3-7CBA-4645-A4DA-C6D5FA50F790}.Debug|Any CPU.ActiveCfg = Debug|Any CPU
		{EB6DC9A3-7CBA-4645-A4DA-C6D5FA50F790}.Debug|Any CPU.Build.0 = Debug|Any CPU
		{EB6DC9A3-7CBA-4645-A4DA-C6D5FA50F790}.Release|Any CPU.ActiveCfg = Release|Any CPU
		{EB6DC9A3-7CBA-4645-A4DA-C6D5FA50F790}.Release|Any CPU.Build.0 = Release|Any CPU
		{E98E46B9-243F-4E2F-8103-C22B69E52312}.Debug|Any CPU.ActiveCfg = Debug|Any CPU
		{E98E46B9-243F-4E2F-8103-C22B69E52312}.Debug|Any CPU.Build.0 = Debug|Any CPU
		{E98E46B9-243F-4E2F-8103-C22B69E52312}.Release|Any CPU.ActiveCfg = Release|Any CPU
		{E98E46B9-243F-4E2F-8103-C22B69E52312}.Release|Any CPU.Build.0 = Release|Any CPU
		{DB59E527-8E4F-41D8-AC1D-C40B3AC018A9}.Debug|Any CPU.ActiveCfg = Debug|Any CPU
		{DB59E527-8E4F-41D8-AC1D-C40B3AC018A9}.Debug|Any CPU.Build.0 = Debug|Any CPU
		{DB59E527-8E4F-41D8-AC1D-C40B3AC018A9}.Release|Any CPU.ActiveCfg = Release|Any CPU
		{DB59E527-8E4F-41D8-AC1D-C40B3AC018A9}.Release|Any CPU.Build.0 = Release|Any CPU
		{377AF48E-1AD9-480E-9CB3-EB6BC455CC1F}.Debug|Any CPU.ActiveCfg = Debug|Any CPU
		{377AF48E-1AD9-480E-9CB3-EB6BC455CC1F}.Debug|Any CPU.Build.0 = Debug|Any CPU
		{377AF48E-1AD9-480E-9CB3-EB6BC455CC1F}.Release|Any CPU.ActiveCfg = Release|Any CPU
		{377AF48E-1AD9-480E-9CB3-EB6BC455CC1F}.Release|Any CPU.Build.0 = Release|Any CPU
		{58D23596-2D35-4D78-B595-C067BD85FB3A}.Debug|Any CPU.ActiveCfg = Debug|Any CPU
		{58D23596-2D35-4D78-B595-C067BD85FB3A}.Debug|Any CPU.Build.0 = Debug|Any CPU
		{58D23596-2D35-4D78-B595-C067BD85FB3A}.Release|Any CPU.ActiveCfg = Release|Any CPU
		{58D23596-2D35-4D78-B595-C067BD85FB3A}.Release|Any CPU.Build.0 = Release|Any CPU
	EndGlobalSection
	GlobalSection(SolutionProperties) = preSolution
		HideSolutionNode = FALSE
	EndGlobalSection
	GlobalSection(NestedProjects) = preSolution
		{D0608DDF-2351-48F8-972F-8589D07A3E17} = {705C8F77-A5CF-46C9-851A-C10F6893ABAC}
		{13598D03-7E66-446D-946D-301F37B754D3} = {705C8F77-A5CF-46C9-851A-C10F6893ABAC}
		{EB6DC9A3-7CBA-4645-A4DA-C6D5FA50F790} = {E2A0A819-5C1D-4F4B-8456-3F8E63774115}
		{E98E46B9-243F-4E2F-8103-C22B69E52312} = {705C8F77-A5CF-46C9-851A-C10F6893ABAC}
		{DB59E527-8E4F-41D8-AC1D-C40B3AC018A9} = {705C8F77-A5CF-46C9-851A-C10F6893ABAC}
		{377AF48E-1AD9-480E-9CB3-EB6BC455CC1F} = {705C8F77-A5CF-46C9-851A-C10F6893ABAC}
		{58D23596-2D35-4D78-B595-C067BD85FB3A} = {705C8F77-A5CF-46C9-851A-C10F6893ABAC}
	EndGlobalSection
EndGlobal
